
Microsoft Visual Studio Solution File, Format Version 12.00
Project("{FAE04EC0-301F-11D3-BF4B-00C04F79EFBC}") = "MoneyTransactionTechChallenge", "MoneyTransactionTechChallenge\MoneyTransactionTechChallenge.csproj", "{F4F051E5-5C8C-413F-8193-559B91FB5243}"
EndProject
Project("{2150E333-8FDC-42A3-9474-1A3956D46DE8}") = "Solution Items", "Solution Items", "{9E35662D-0D56-457B-8EAB-CC9384ED6B10}"
	ProjectSection(SolutionItems) = preProject
		docker-compose.yml = docker-compose.yml
	EndProjectSection
EndProject
Project("{FAE04EC0-301F-11D3-BF4B-00C04F79EFBC}") = "MoneyTransactionTests", "MoneyTransactionTests\MoneyTransactionTests.csproj", "{9A59AEF1-8673-4977-888C-657B7AF38A75}"
EndProject
Global
	GlobalSection(SolutionConfigurationPlatforms) = preSolution
		Debug|Any CPU = Debug|Any CPU
		Release|Any CPU = Release|Any CPU
	EndGlobalSection
	GlobalSection(ProjectConfigurationPlatforms) = postSolution
		{F4F051E5-5C8C-413F-8193-559B91FB5243}.Debug|Any CPU.ActiveCfg = Debug|Any CPU
		{F4F051E5-5C8C-413F-8193-559B91FB5243}.Debug|Any CPU.Build.0 = Debug|Any CPU
		{F4F051E5-5C8C-413F-8193-559B91FB5243}.Release|Any CPU.ActiveCfg = Release|Any CPU
		{F4F051E5-5C8C-413F-8193-559B91FB5243}.Release|Any CPU.Build.0 = Release|Any CPU
		{9A59AEF1-8673-4977-888C-657B7AF38A75}.Debug|Any CPU.ActiveCfg = Debug|Any CPU
		{9A59AEF1-8673-4977-888C-657B7AF38A75}.Debug|Any CPU.Build.0 = Debug|Any CPU
		{9A59AEF1-8673-4977-888C-657B7AF38A75}.Release|Any CPU.ActiveCfg = Release|Any CPU
		{9A59AEF1-8673-4977-888C-657B7AF38A75}.Release|Any CPU.Build.0 = Release|Any CPU
	EndGlobalSection
	GlobalSection(NestedProjects) = preSolution
	EndGlobalSection
EndGlobal
